version: 1.0
shards:
  crystagiri:
    github: madeindjs/Crystagiri
    version: 0.3.2

  kemal:
    github: kemalcr/kemal
    commit: 0724e07c22513790fbeefeca3bf8e1a8407d44b2

  kilt:
    github: jeromegn/kilt
    version: 0.3.3

  modest:
    github: kostya/modest
    version: 0.12

  myhtml:
    github: kostya/myhtml
    version: 0.25

  radix:
    github: luislavena/radix
    version: 0.3.8

  redis:
    github: stefanwille/crystal-redis
    version: 1.8.0

